
Microsoft Visual Studio Solution File, Format Version 12.00
# Visual Studio Version 16
VisualStudioVersion = 16.0.31112.23
MinimumVisualStudioVersion = 10.0.40219.1
Project("{8BC9CEB8-8B4A-11D0-8D11-00A0C91BC942}") = "BilateralGPU", "VapourSynth-BilateralGPU.vcxproj", "{E14E241A-017F-4C83-BD95-1812121FDE3E}"
EndProject
Project("{8BC9CEB8-8B4A-11D0-8D11-00A0C91BC942}") = "BilateralGPU_RTC", "VapourSynth-BilateralGPU_RTC.vcxproj", "{838DC19F-B766-4610-8036-187262008985}"
EndProject
Global
	GlobalSection(SolutionConfigurationPlatforms) = preSolution
		Debug|x64 = Debug|x64
		Debug|x86 = Debug|x86
		Release|x64 = Release|x64
		Release|x86 = Release|x86
	EndGlobalSection
	GlobalSection(ProjectConfigurationPlatforms) = postSolution
		{E14E241A-017F-4C83-BD95-1812121FDE3E}.Debug|x64.ActiveCfg = Release|x64
		{E14E241A-017F-4C83-BD95-1812121FDE3E}.Debug|x86.ActiveCfg = Release|x64
		{E14E241A-017F-4C83-BD95-1812121FDE3E}.Release|x64.ActiveCfg = Release|x64
		{E14E241A-017F-4C83-BD95-1812121FDE3E}.Release|x64.Build.0 = Release|x64
		{E14E241A-017F-4C83-BD95-1812121FDE3E}.Release|x86.ActiveCfg = Release|x64
		{838DC19F-B766-4610-8036-187262008985}.Debug|x64.ActiveCfg = Release|x64
		{838DC19F-B766-4610-8036-187262008985}.Debug|x64.Build.0 = Release|x64
		{838DC19F-B766-4610-8036-187262008985}.Debug|x86.ActiveCfg = Release|x64
		{838DC19F-B766-4610-8036-187262008985}.Debug|x86.Build.0 = Release|x64
		{838DC19F-B766-4610-8036-187262008985}.Release|x64.ActiveCfg = Release|x64
		{838DC19F-B766-4610-8036-187262008985}.Release|x64.Build.0 = Release|x64
		{838DC19F-B766-4610-8036-187262008985}.Release|x86.ActiveCfg = Release|x64
	EndGlobalSection
	GlobalSection(SolutionProperties) = preSolution
		HideSolutionNode = FALSE
	EndGlobalSection
	GlobalSection(ExtensibilityGlobals) = postSolution
		SolutionGuid = {841EE95F-9AE6-4D77-8C25-74A9D3F2B9B1}
	EndGlobalSection
EndGlobal
